
Microsoft Visual Studio Solution File, Format Version 12.00
# Visual Studio Version 17
VisualStudioVersion = 17.13.35818.85 d17.13
MinimumVisualStudioVersion = 10.0.40219.1
Project("{FAE04EC0-301F-11D3-BF4B-00C04F79EFBC}") = "TwoSearch", "TwoSearch\TwoSearch.csproj", "{6425DE4C-EFD3-432D-A5A8-7BD442BC8A48}"
EndProject
Global
	GlobalSection(SolutionConfigurationPlatforms) = preSolution
		Debug|Any CPU = Debug|Any CPU
		Release|Any CPU = Release|Any CPU
	EndGlobalSection
	GlobalSection(ProjectConfigurationPlatforms) = postSolution
		{6425DE4C-EFD3-432D-A5A8-7BD442BC8A48}.Debug|Any CPU.ActiveCfg = Debug|Any CPU
		{6425DE4C-EFD3-432D-A5A8-7BD442BC8A48}.Debug|Any CPU.Build.0 = Debug|Any CPU
		{6425DE4C-EFD3-432D-A5A8-7BD442BC8A48}.Release|Any CPU.ActiveCfg = Release|Any CPU
		{6425DE4C-EFD3-432D-A5A8-7BD442BC8A48}.Release|Any CPU.Build.0 = Release|Any CPU
	EndGlobalSection
	GlobalSection(SolutionProperties) = preSolution
		HideSolutionNode = FALSE
	EndGlobalSection
	GlobalSection(ExtensibilityGlobals) = postSolution
		SolutionGuid = {886C248E-8828-4C27-B58A-FE32D0702223}
	EndGlobalSection
EndGlobal
